
Microsoft Visual Studio Solution File, Format Version 12.00
# Visual Studio 2013
VisualStudioVersion = 12.0.40629.0
MinimumVisualStudioVersion = 10.0.40219.1
Project("{8BC9CEB8-8B4A-11D0-8D11-00A0C91BC942}") = "zero", "zero\zero.vcxproj", "{E3754BE1-BD02-47B4-BA75-1424A1F67277}"
EndProject
Project("{8BC9CEB8-8B4A-11D0-8D11-00A0C91BC942}") = "demo", "demo\demo.vcxproj", "{8B0CD860-252B-4C70-839A-A1D02ECD0D82}"
	ProjectSection(ProjectDependencies) = postProject
		{E3754BE1-BD02-47B4-BA75-1424A1F67277} = {E3754BE1-BD02-47B4-BA75-1424A1F67277}
	EndProjectSection
EndProject
Project("{2150E333-8FDC-42A3-9474-1A3956D46DE8}") = ".nuget", ".nuget", "{3C23D3E2-78B5-4749-AA69-8FC56070F48D}"
	ProjectSection(SolutionItems) = preProject
		.nuget\NuGet.Config = .nuget\NuGet.Config
		.nuget\NuGet.exe = .nuget\NuGet.exe
		.nuget\NuGet.targets = .nuget\NuGet.targets
	EndProjectSection
EndProject
Global
	GlobalSection(SolutionConfigurationPlatforms) = preSolution
		Debug|Win32 = Debug|Win32
		Release|Win32 = Release|Win32
	EndGlobalSection
	GlobalSection(ProjectConfigurationPlatforms) = postSolution
		{E3754BE1-BD02-47B4-BA75-1424A1F67277}.Debug|Win32.ActiveCfg = Debug|Win32
		{E3754BE1-BD02-47B4-BA75-1424A1F67277}.Debug|Win32.Build.0 = Debug|Win32
		{E3754BE1-BD02-47B4-BA75-1424A1F67277}.Release|Win32.ActiveCfg = Release|Win32
		{E3754BE1-BD02-47B4-BA75-1424A1F67277}.Release|Win32.Build.0 = Release|Win32
		{8B0CD860-252B-4C70-839A-A1D02ECD0D82}.Debug|Win32.ActiveCfg = Debug|Win32
		{8B0CD860-252B-4C70-839A-A1D02ECD0D82}.Debug|Win32.Build.0 = Debug|Win32
		{8B0CD860-252B-4C70-839A-A1D02ECD0D82}.Release|Win32.ActiveCfg = Release|Win32
		{8B0CD860-252B-4C70-839A-A1D02ECD0D82}.Release|Win32.Build.0 = Release|Win32
	EndGlobalSection
	GlobalSection(SolutionProperties) = preSolution
		HideSolutionNode = FALSE
	EndGlobalSection
EndGlobal
